
Microsoft Visual Studio Solution File, Format Version 12.00
# Visual Studio 14
VisualStudioVersion = 14.0.23107.0
MinimumVisualStudioVersion = 10.0.40219.1
Project("{2150E333-8FDC-42A3-9474-1A3956D46DE8}") = "Pandora", "Pandora", "{C9EE50A0-4893-4863-AD7E-FADD87D5860E}"
EndProject
Project("{D954291E-2A0B-460D-934E-DC6B0785DB48}") = "Pandora.Shared", "Pandora\Pandora.Shared\Pandora.Shared.shproj", "{B173D01C-8D85-4FC5-96E6-9AFD58027ACA}"
EndProject
Project("{FAE04EC0-301F-11D3-BF4B-00C04F79EFBC}") = "Pandora.Windows", "Pandora\Pandora.Windows\Pandora.Windows.csproj", "{B5A7FBA4-0F20-473E-A522-04097F5243A2}"
EndProject
Project("{FAE04EC0-301F-11D3-BF4B-00C04F79EFBC}") = "Pandora.WindowsPhone", "Pandora\Pandora.WindowsPhone\Pandora.WindowsPhone.csproj", "{3FF27681-015C-4E2B-88E3-FAADF1A04C9C}"
EndProject
Global
	GlobalSection(SharedMSBuildProjectFiles) = preSolution
		Pandora\Pandora.Shared\Pandora.Shared.projitems*{b173d01c-8d85-4fc5-96e6-9afd58027aca}*SharedItemsImports = 13
		Pandora\Pandora.Shared\Pandora.Shared.projitems*{b5a7fba4-0f20-473e-a522-04097f5243a2}*SharedItemsImports = 4
		Pandora\Pandora.Shared\Pandora.Shared.projitems*{3ff27681-015c-4e2b-88e3-faadf1a04c9c}*SharedItemsImports = 4
	EndGlobalSection
	GlobalSection(SolutionConfigurationPlatforms) = preSolution
		Debug|Any CPU = Debug|Any CPU
		Debug|ARM = Debug|ARM
		Debug|x64 = Debug|x64
		Debug|x86 = Debug|x86
		Release|Any CPU = Release|Any CPU
		Release|ARM = Release|ARM
		Release|x64 = Release|x64
		Release|x86 = Release|x86
	EndGlobalSection
	GlobalSection(ProjectConfigurationPlatforms) = postSolution
		{B5A7FBA4-0F20-473E-A522-04097F5243A2}.Debug|Any CPU.ActiveCfg = Debug|Any CPU
		{B5A7FBA4-0F20-473E-A522-04097F5243A2}.Debug|Any CPU.Build.0 = Debug|Any CPU
		{B5A7FBA4-0F20-473E-A522-04097F5243A2}.Debug|Any CPU.Deploy.0 = Debug|Any CPU
		{B5A7FBA4-0F20-473E-A522-04097F5243A2}.Debug|ARM.ActiveCfg = Debug|ARM
		{B5A7FBA4-0F20-473E-A522-04097F5243A2}.Debug|ARM.Build.0 = Debug|ARM
		{B5A7FBA4-0F20-473E-A522-04097F5243A2}.Debug|ARM.Deploy.0 = Debug|ARM
		{B5A7FBA4-0F20-473E-A522-04097F5243A2}.Debug|x64.ActiveCfg = Debug|x64
		{B5A7FBA4-0F20-473E-A522-04097F5243A2}.Debug|x64.Build.0 = Debug|x64
		{B5A7FBA4-0F20-473E-A522-04097F5243A2}.Debug|x64.Deploy.0 = Debug|x64
		{B5A7FBA4-0F20-473E-A522-04097F5243A2}.Debug|x86.ActiveCfg = Debug|x86
		{B5A7FBA4-0F20-473E-A522-04097F5243A2}.Debug|x86.Build.0 = Debug|x86
		{B5A7FBA4-0F20-473E-A522-04097F5243A2}.Debug|x86.Deploy.0 = Debug|x86
		{B5A7FBA4-0F20-473E-A522-04097F5243A2}.Release|Any CPU.ActiveCfg = Release|Any CPU
		{B5A7FBA4-0F20-473E-A522-04097F5243A2}.Release|Any CPU.Build.0 = Release|Any CPU
		{B5A7FBA4-0F20-473E-A522-04097F5243A2}.Release|Any CPU.Deploy.0 = Release|Any CPU
		{B5A7FBA4-0F20-473E-A522-04097F5243A2}.Release|ARM.ActiveCfg = Release|ARM
		{B5A7FBA4-0F20-473E-A522-04097F5243A2}.Release|ARM.Build.0 = Release|ARM
		{B5A7FBA4-0F20-473E-A522-04097F5243A2}.Release|ARM.Deploy.0 = Release|ARM
		{B5A7FBA4-0F20-473E-A522-04097F5243A2}.Release|x64.ActiveCfg = Release|x64
		{B5A7FBA4-0F20-473E-A522-04097F5243A2}.Release|x64.Build.0 = Release|x64
		{B5A7FBA4-0F20-473E-A522-04097F5243A2}.Release|x64.Deploy.0 = Release|x64
		{B5A7FBA4-0F20-473E-A522-04097F5243A2}.Release|x86.ActiveCfg = Release|x86
		{B5A7FBA4-0F20-473E-A522-04097F5243A2}.Release|x86.Build.0 = Release|x86
		{B5A7FBA4-0F20-473E-A522-04097F5243A2}.Release|x86.Deploy.0 = Release|x86
		{3FF27681-015C-4E2B-88E3-FAADF1A04C9C}.Debug|Any CPU.ActiveCfg = Debug|Any CPU
		{3FF27681-015C-4E2B-88E3-FAADF1A04C9C}.Debug|Any CPU.Build.0 = Debug|Any CPU
		{3FF27681-015C-4E2B-88E3-FAADF1A04C9C}.Debug|Any CPU.Deploy.0 = Debug|Any CPU
		{3FF27681-015C-4E2B-88E3-FAADF1A04C9C}.Debug|ARM.ActiveCfg = Debug|ARM
		{3FF27681-015C-4E2B-88E3-FAADF1A04C9C}.Debug|ARM.Build.0 = Debug|ARM
		{3FF27681-015C-4E2B-88E3-FAADF1A04C9C}.Debug|ARM.Deploy.0 = Debug|ARM
		{3FF27681-015C-4E2B-88E3-FAADF1A04C9C}.Debug|x64.ActiveCfg = Debug|Any CPU
		{3FF27681-015C-4E2B-88E3-FAADF1A04C9C}.Debug|x64.Build.0 = Debug|Any CPU
		{3FF27681-015C-4E2B-88E3-FAADF1A04C9C}.Debug|x64.Deploy.0 = Debug|Any CPU
		{3FF27681-015C-4E2B-88E3-FAADF1A04C9C}.Debug|x86.ActiveCfg = Debug|x86
		{3FF27681-015C-4E2B-88E3-FAADF1A04C9C}.Debug|x86.Build.0 = Debug|x86
		{3FF27681-015C-4E2B-88E3-FAADF1A04C9C}.Debug|x86.Deploy.0 = Debug|x86
		{3FF27681-015C-4E2B-88E3-FAADF1A04C9C}.Release|Any CPU.ActiveCfg = Release|Any CPU
		{3FF27681-015C-4E2B-88E3-FAADF1A04C9C}.Release|Any CPU.Build.0 = Release|Any CPU
		{3FF27681-015C-4E2B-88E3-FAADF1A04C9C}.Release|Any CPU.Deploy.0 = Release|Any CPU
		{3FF27681-015C-4E2B-88E3-FAADF1A04C9C}.Release|ARM.ActiveCfg = Release|ARM
		{3FF27681-015C-4E2B-88E3-FAADF1A04C9C}.Release|ARM.Build.0 = Release|ARM
		{3FF27681-015C-4E2B-88E3-FAADF1A04C9C}.Release|ARM.Deploy.0 = Release|ARM
		{3FF27681-015C-4E2B-88E3-FAADF1A04C9C}.Release|x64.ActiveCfg = Release|Any CPU
		{3FF27681-015C-4E2B-88E3-FAADF1A04C9C}.Release|x64.Build.0 = Release|Any CPU
		{3FF27681-015C-4E2B-88E3-FAADF1A04C9C}.Release|x64.Deploy.0 = Release|Any CPU
		{3FF27681-015C-4E2B-88E3-FAADF1A04C9C}.Release|x86.ActiveCfg = Release|x86
		{3FF27681-015C-4E2B-88E3-FAADF1A04C9C}.Release|x86.Build.0 = Release|x86
		{3FF27681-015C-4E2B-88E3-FAADF1A04C9C}.Release|x86.Deploy.0 = Release|x86
	EndGlobalSection
	GlobalSection(SolutionProperties) = preSolution
		HideSolutionNode = FALSE
	EndGlobalSection
	GlobalSection(NestedProjects) = preSolution
		{B173D01C-8D85-4FC5-96E6-9AFD58027ACA} = {C9EE50A0-4893-4863-AD7E-FADD87D5860E}
		{B5A7FBA4-0F20-473E-A522-04097F5243A2} = {C9EE50A0-4893-4863-AD7E-FADD87D5860E}
		{3FF27681-015C-4E2B-88E3-FAADF1A04C9C} = {C9EE50A0-4893-4863-AD7E-FADD87D5860E}
	EndGlobalSection
EndGlobal
